
Microsoft Visual Studio Solution File, Format Version 12.00
# Visual Studio Version 16
VisualStudioVersion = 16.0.31229.75
MinimumVisualStudioVersion = 10.0.40219.1
Project("{FAE04EC0-301F-11D3-BF4B-00C04F79EFBC}") = "stok", "stok\stok.csproj", "{F40893AA-4367-4CFE-9126-2C55E24C208C}"
EndProject
Global
	GlobalSection(SolutionConfigurationPlatforms) = preSolution
		Debug|Any CPU = Debug|Any CPU
		Release|Any CPU = Release|Any CPU
	EndGlobalSection
	GlobalSection(ProjectConfigurationPlatforms) = postSolution
		{F40893AA-4367-4CFE-9126-2C55E24C208C}.Debug|Any CPU.ActiveCfg = Debug|Any CPU
		{F40893AA-4367-4CFE-9126-2C55E24C208C}.Debug|Any CPU.Build.0 = Debug|Any CPU
		{F40893AA-4367-4CFE-9126-2C55E24C208C}.Release|Any CPU.ActiveCfg = Release|Any CPU
		{F40893AA-4367-4CFE-9126-2C55E24C208C}.Release|Any CPU.Build.0 = Release|Any CPU
	EndGlobalSection
	GlobalSection(SolutionProperties) = preSolution
		HideSolutionNode = FALSE
	EndGlobalSection
	GlobalSection(ExtensibilityGlobals) = postSolution
		SolutionGuid = {0C154952-AEDD-42F9-BB06-098C6589C0F5}
	EndGlobalSection
EndGlobal
